{
  "name": "shrine-cli",
  "version": "1.0.0",
  "lockfileVersion": 2,
  "requires": true,
  "packages": {
    "": {
      "name": "shrine-cli",
      "version": "1.0.0",
      "license": "ISC",
      "dependencies": {
        "cac": "^6.7.12"
      },
      "devDependencies": {
        "@rollup/plugin-typescript": "^8.3.2"
      }
    },
    "../../node_modules/.pnpm/cac@6.7.12/node_modules/cac": {
      "version": "6.7.12",
      "license": "MIT",
      "devDependencies": {
        "@babel/core": "^7.12.10",
        "@babel/plugin-syntax-typescript": "^7.12.1",
        "@rollup/plugin-commonjs": "^17.0.0",
        "@rollup/plugin-node-resolve": "^11.0.0",
        "@types/fs-extra": "^9.0.5",
        "@types/jest": "^26.0.19",
        "@types/mri": "^1.1.0",
        "cz-conventional-changelog": "^2.1.0",
        "esbuild": "^0.8.21",
        "eslint-config-rem": "^3.0.0",
        "execa": "^5.0.0",
        "fs-extra": "^9.0.1",
        "globby": "^11.0.1",
        "husky": "^1.2.0",
        "jest": "^24.9.0",
        "lint-staged": "^8.1.0",
        "markdown-toc": "^1.2.0",
        "mri": "^1.1.6",
        "prettier": "^2.2.1",
        "rollup": "^2.34.2",
        "rollup-plugin-dts": "^2.0.1",
        "rollup-plugin-esbuild": "^2.6.1",
        "semantic-release": "^17.3.0",
        "sucrase": "^3.16.0",
        "ts-jest": "^26.4.4",
        "ts-node": "^9.1.1",
        "typedoc": "^0.19.2",
        "typescript": "^4.1.2"
      },
      "engines": {
        "node": ">=8"
      }
    },
    "node_modules/@rollup/plugin-typescript": {
      "version": "8.3.2",
      "resolved": "https://npm.xiaodiankeji.net/@rollup%2fplugin-typescript/-/plugin-typescript-8.3.2.tgz",
      "integrity": "sha512-MtgyR5LNHZr3GyN0tM7gNO9D0CS+Y+vflS4v/PHmrX17JCkHUYKvQ5jN5o3cz1YKllM3duXUqu3yOHwMPUxhDg==",
      "dev": true,
      "license": "MIT",
      "dependencies": {
        "@rollup/pluginutils": "^3.1.0",
        "resolve": "^1.17.0"
      },
      "engines": {
        "node": ">=8.0.0"
      },
      "peerDependencies": {
        "rollup": "^2.14.0",
        "tslib": "*",
        "typescript": ">=3.7.0"
      }
    },
    "node_modules/@rollup/pluginutils": {
      "version": "3.1.0",
      "resolved": "https://npm.xiaodiankeji.net/@rollup%2fpluginutils/-/pluginutils-3.1.0.tgz",
      "integrity": "sha1-cGtFJO5tyLEDs8mVUz5a1oDAK5s=",
      "dev": true,
      "license": "MIT",
      "dependencies": {
        "@types/estree": "0.0.39",
        "estree-walker": "^1.0.1",
        "picomatch": "^2.2.2"
      },
      "engines": {
        "node": ">= 8.0.0"
      },
      "peerDependencies": {
        "rollup": "^1.20.0||^2.0.0"
      }
    },
    "node_modules/@types/estree": {
      "version": "0.0.39",
      "resolved": "https://npm.xiaodiankeji.net/@types%2festree/-/estree-0.0.39.tgz",
      "integrity": "sha512-EYNwp3bU+98cpU4lAWYYL7Zz+2gryWH1qbdDTidVd6hkiR6weksdbMadyXKXNPEkQFhXM+hVO9ZygomHXp+AIw==",
      "dev": true,
      "license": "MIT"
    },
    "node_modules/cac": {
      "resolved": "../../node_modules/.pnpm/cac@6.7.12/node_modules/cac",
      "link": true
    },
    "node_modules/estree-walker": {
      "version": "1.0.1",
      "resolved": "https://npm.xiaodiankeji.net/estree-walker/-/estree-walker-1.0.1.tgz",
      "integrity": "sha512-1fMXF3YP4pZZVozF8j/ZLfvnR8NSIljt56UhbZ5PeeDmmGHpgpdwQt7ITlGvYaQukCvuBRMLEiKiYC+oeIg4cg==",
      "dev": true,
      "license": "MIT"
    },
    "node_modules/fsevents": {
      "version": "2.3.2",
      "resolved": "https://npm.xiaodiankeji.net/fsevents/-/fsevents-2.3.2.tgz",
      "integrity": "sha1-ilJveLj99GI7cJ4Ll1xSwkwC/Ro=",
      "dev": true,
      "hasInstallScript": true,
      "license": "MIT",
      "optional": true,
      "os": [
        "darwin"
      ],
      "peer": true,
      "engines": {
        "node": "^8.16.0 || ^10.6.0 || >=11.0.0"
      }
    },
    "node_modules/function-bind": {
      "version": "1.1.1",
      "resolved": "https://npm.xiaodiankeji.net/function-bind/-/function-bind-1.1.1.tgz",
      "integrity": "sha512-yIovAzMX49sF8Yl58fSCWJ5svSLuaibPxXQJFLmBObTuCr0Mf1KiPopGM9NiFjiYBCbfaa2Fh6breQ6ANVTI0A==",
      "dev": true,
      "license": "MIT"
    },
    "node_modules/has": {
      "version": "1.0.3",
      "resolved": "https://npm.xiaodiankeji.net/has/-/has-1.0.3.tgz",
      "integrity": "sha512-f2dvO0VU6Oej7RkWJGrehjbzMAjFp5/VKPp5tTpWIV4JHHZK1/BxbFRtf/siA2SWTe09caDmVtYYzWEIbBS4zw==",
      "dev": true,
      "license": "MIT",
      "dependencies": {
        "function-bind": "^1.1.1"
      },
      "engines": {
        "node": ">= 0.4.0"
      }
    },
    "node_modules/is-core-module": {
      "version": "2.9.0",
      "resolved": "https://npm.xiaodiankeji.net/is-core-module/-/is-core-module-2.9.0.tgz",
      "integrity": "sha512-+5FPy5PnwmO3lvfMb0AsoPaBG+5KHUI0wYFXOtYPnVVVspTFUuMZNfNaNVRt3FZadstu2c8x23vykRW/NBoU6A==",
      "dev": true,
      "license": "MIT",
      "dependencies": {
        "has": "^1.0.3"
      },
      "funding": {
        "url": "https://github.com/sponsors/ljharb"
      }
    },
    "node_modules/path-parse": {
      "version": "1.0.7",
      "resolved": "https://npm.xiaodiankeji.net/path-parse/-/path-parse-1.0.7.tgz",
      "integrity": "sha1-+8EUtgykKzDZ2vWFjkvWi77bZzU=",
      "dev": true,
      "license": "MIT"
    },
    "node_modules/picomatch": {
      "version": "2.3.1",
      "resolved": "https://npm.xiaodiankeji.net/picomatch/-/picomatch-2.3.1.tgz",
      "integrity": "sha512-JU3teHTNjmE2VCGFzuY8EXzCDVwEqB2a8fsIvwaStHhAWJEeVd1o1QD80CU6+ZdEXXSLbSsuLwJjkCBWqRQUVA==",
      "dev": true,
      "license": "MIT",
      "engines": {
        "node": ">=8.6"
      },
      "funding": {
        "url": "https://github.com/sponsors/jonschlinkert"
      }
    },
    "node_modules/resolve": {
      "version": "1.22.0",
      "resolved": "https://npm.xiaodiankeji.net/resolve/-/resolve-1.22.0.tgz",
      "integrity": "sha512-Hhtrw0nLeSrFQ7phPp4OOcVjLPIeMnRlr5mcnVuMe7M/7eBn98A3hmFRLoFo3DLZkivSYwhRUJTyPyWAk56WLw==",
      "dev": true,
      "license": "MIT",
      "dependencies": {
        "is-core-module": "^2.8.1",
        "path-parse": "^1.0.7",
        "supports-preserve-symlinks-flag": "^1.0.0"
      },
      "bin": {
        "resolve": "bin/resolve"
      },
      "funding": {
        "url": "https://github.com/sponsors/ljharb"
      }
    },
    "node_modules/rollup": {
      "version": "2.70.2",
      "resolved": "https://npm.xiaodiankeji.net/rollup/-/rollup-2.70.2.tgz",
      "integrity": "sha512-EitogNZnfku65I1DD5Mxe8JYRUCy0hkK5X84IlDtUs+O6JRMpRciXTzyCUuX11b5L5pvjH+OmFXiQ3XjabcXgg==",
      "dev": true,
      "license": "MIT",
      "peer": true,
      "bin": {
        "rollup": "dist/bin/rollup"
      },
      "engines": {
        "node": ">=10.0.0"
      },
      "optionalDependencies": {
        "fsevents": "~2.3.2"
      }
    },
    "node_modules/supports-preserve-symlinks-flag": {
      "version": "1.0.0",
      "resolved": "https://npm.xiaodiankeji.net/supports-preserve-symlinks-flag/-/supports-preserve-symlinks-flag-1.0.0.tgz",
      "integrity": "sha512-ot0WnXS9fgdkgIcePe6RHNk1WA8+muPa6cSjeR3V8K27q9BB1rTE3R1p7Hv0z1ZyAc8s6Vvv8DIyWf681MAt0w==",
      "dev": true,
      "license": "MIT",
      "engines": {
        "node": ">= 0.4"
      },
      "funding": {
        "url": "https://github.com/sponsors/ljharb"
      }
    },
    "node_modules/tslib": {
      "version": "2.4.0",
      "resolved": "https://npm.xiaodiankeji.net/tslib/-/tslib-2.4.0.tgz",
      "integrity": "sha512-d6xOpEDfsi2CZVlPQzGeux8XMwLT9hssAsaPYExaQMuYskwb+x1x7J371tWlbBdWHroy99KnVB6qIkUbs5X3UQ==",
      "dev": true,
      "license": "0BSD",
      "peer": true
    },
    "node_modules/typescript": {
      "version": "4.6.3",
      "resolved": "https://npm.xiaodiankeji.net/typescript/-/typescript-4.6.3.tgz",
      "integrity": "sha512-yNIatDa5iaofVozS/uQJEl3JRWLKKGJKh6Yaiv0GLGSuhpFJe7P3SbHZ8/yjAHRQwKRoA6YZqlfjXWmVzoVSMw==",
      "dev": true,
      "license": "Apache-2.0",
      "peer": true,
      "bin": {
        "tsc": "bin/tsc",
        "tsserver": "bin/tsserver"
      },
      "engines": {
        "node": ">=4.2.0"
      }
    }
  },
  "dependencies": {
    "@rollup/plugin-typescript": {
      "version": "8.3.2",
      "resolved": "https://npm.xiaodiankeji.net/@rollup%2fplugin-typescript/-/plugin-typescript-8.3.2.tgz",
      "integrity": "sha512-MtgyR5LNHZr3GyN0tM7gNO9D0CS+Y+vflS4v/PHmrX17JCkHUYKvQ5jN5o3cz1YKllM3duXUqu3yOHwMPUxhDg==",
      "dev": true,
      "requires": {
        "@rollup/pluginutils": "^3.1.0",
        "resolve": "^1.17.0"
      }
    },
    "@rollup/pluginutils": {
      "version": "3.1.0",
      "resolved": "https://npm.xiaodiankeji.net/@rollup%2fpluginutils/-/pluginutils-3.1.0.tgz",
      "integrity": "sha1-cGtFJO5tyLEDs8mVUz5a1oDAK5s=",
      "dev": true,
      "requires": {
        "@types/estree": "0.0.39",
        "estree-walker": "^1.0.1",
        "picomatch": "^2.2.2"
      }
    },
    "@types/estree": {
      "version": "0.0.39",
      "resolved": "https://npm.xiaodiankeji.net/@types%2festree/-/estree-0.0.39.tgz",
      "integrity": "sha512-EYNwp3bU+98cpU4lAWYYL7Zz+2gryWH1qbdDTidVd6hkiR6weksdbMadyXKXNPEkQFhXM+hVO9ZygomHXp+AIw==",
      "dev": true
    },
    "cac": {
      "version": "file:../../node_modules/.pnpm/cac@6.7.12/node_modules/cac",
      "requires": {
        "@babel/core": "^7.12.10",
        "@babel/plugin-syntax-typescript": "^7.12.1",
        "@rollup/plugin-commonjs": "^17.0.0",
        "@rollup/plugin-node-resolve": "^11.0.0",
        "@types/fs-extra": "^9.0.5",
        "@types/jest": "^26.0.19",
        "@types/mri": "^1.1.0",
        "cz-conventional-changelog": "^2.1.0",
        "esbuild": "^0.8.21",
        "eslint-config-rem": "^3.0.0",
        "execa": "^5.0.0",
        "fs-extra": "^9.0.1",
        "globby": "^11.0.1",
        "husky": "^1.2.0",
        "jest": "^24.9.0",
        "lint-staged": "^8.1.0",
        "markdown-toc": "^1.2.0",
        "mri": "^1.1.6",
        "prettier": "^2.2.1",
        "rollup": "^2.34.2",
        "rollup-plugin-dts": "^2.0.1",
        "rollup-plugin-esbuild": "^2.6.1",
        "semantic-release": "^17.3.0",
        "sucrase": "^3.16.0",
        "ts-jest": "^26.4.4",
        "ts-node": "^9.1.1",
        "typedoc": "^0.19.2",
        "typescript": "^4.1.2"
      }
    },
    "estree-walker": {
      "version": "1.0.1",
      "resolved": "https://npm.xiaodiankeji.net/estree-walker/-/estree-walker-1.0.1.tgz",
      "integrity": "sha512-1fMXF3YP4pZZVozF8j/ZLfvnR8NSIljt56UhbZ5PeeDmmGHpgpdwQt7ITlGvYaQukCvuBRMLEiKiYC+oeIg4cg==",
      "dev": true
    },
    "fsevents": {
      "version": "2.3.2",
      "resolved": "https://npm.xiaodiankeji.net/fsevents/-/fsevents-2.3.2.tgz",
      "integrity": "sha1-ilJveLj99GI7cJ4Ll1xSwkwC/Ro=",
      "dev": true,
      "optional": true,
      "peer": true
    },
    "function-bind": {
      "version": "1.1.1",
      "resolved": "https://npm.xiaodiankeji.net/function-bind/-/function-bind-1.1.1.tgz",
      "integrity": "sha512-yIovAzMX49sF8Yl58fSCWJ5svSLuaibPxXQJFLmBObTuCr0Mf1KiPopGM9NiFjiYBCbfaa2Fh6breQ6ANVTI0A==",
      "dev": true
    },
    "has": {
      "version": "1.0.3",
      "resolved": "https://npm.xiaodiankeji.net/has/-/has-1.0.3.tgz",
      "integrity": "sha512-f2dvO0VU6Oej7RkWJGrehjbzMAjFp5/VKPp5tTpWIV4JHHZK1/BxbFRtf/siA2SWTe09caDmVtYYzWEIbBS4zw==",
      "dev": true,
      "requires": {
        "function-bind": "^1.1.1"
      }
    },
    "is-core-module": {
      "version": "2.9.0",
      "resolved": "https://npm.xiaodiankeji.net/is-core-module/-/is-core-module-2.9.0.tgz",
      "integrity": "sha512-+5FPy5PnwmO3lvfMb0AsoPaBG+5KHUI0wYFXOtYPnVVVspTFUuMZNfNaNVRt3FZadstu2c8x23vykRW/NBoU6A==",
      "dev": true,
      "requires": {
        "has": "^1.0.3"
      }
    },
    "path-parse": {
      "version": "1.0.7",
      "resolved": "https://npm.xiaodiankeji.net/path-parse/-/path-parse-1.0.7.tgz",
      "integrity": "sha1-+8EUtgykKzDZ2vWFjkvWi77bZzU=",
      "dev": true
    },
    "picomatch": {
      "version": "2.3.1",
      "resolved": "https://npm.xiaodiankeji.net/picomatch/-/picomatch-2.3.1.tgz",
      "integrity": "sha512-JU3teHTNjmE2VCGFzuY8EXzCDVwEqB2a8fsIvwaStHhAWJEeVd1o1QD80CU6+ZdEXXSLbSsuLwJjkCBWqRQUVA==",
      "dev": true
    },
    "resolve": {
      "version": "1.22.0",
      "resolved": "https://npm.xiaodiankeji.net/resolve/-/resolve-1.22.0.tgz",
      "integrity": "sha512-Hhtrw0nLeSrFQ7phPp4OOcVjLPIeMnRlr5mcnVuMe7M/7eBn98A3hmFRLoFo3DLZkivSYwhRUJTyPyWAk56WLw==",
      "dev": true,
      "requires": {
        "is-core-module": "^2.8.1",
        "path-parse": "^1.0.7",
        "supports-preserve-symlinks-flag": "^1.0.0"
      }
    },
    "rollup": {
      "version": "2.70.2",
      "resolved": "https://npm.xiaodiankeji.net/rollup/-/rollup-2.70.2.tgz",
      "integrity": "sha512-EitogNZnfku65I1DD5Mxe8JYRUCy0hkK5X84IlDtUs+O6JRMpRciXTzyCUuX11b5L5pvjH+OmFXiQ3XjabcXgg==",
      "dev": true,
      "peer": true,
      "requires": {
        "fsevents": "~2.3.2"
      }
    },
    "supports-preserve-symlinks-flag": {
      "version": "1.0.0",
      "resolved": "https://npm.xiaodiankeji.net/supports-preserve-symlinks-flag/-/supports-preserve-symlinks-flag-1.0.0.tgz",
      "integrity": "sha512-ot0WnXS9fgdkgIcePe6RHNk1WA8+muPa6cSjeR3V8K27q9BB1rTE3R1p7Hv0z1ZyAc8s6Vvv8DIyWf681MAt0w==",
      "dev": true
    },
    "tslib": {
      "version": "2.4.0",
      "resolved": "https://npm.xiaodiankeji.net/tslib/-/tslib-2.4.0.tgz",
      "integrity": "sha512-d6xOpEDfsi2CZVlPQzGeux8XMwLT9hssAsaPYExaQMuYskwb+x1x7J371tWlbBdWHroy99KnVB6qIkUbs5X3UQ==",
      "dev": true,
      "peer": true
    },
    "typescript": {
      "version": "4.6.3",
      "resolved": "https://npm.xiaodiankeji.net/typescript/-/typescript-4.6.3.tgz",
      "integrity": "sha512-yNIatDa5iaofVozS/uQJEl3JRWLKKGJKh6Yaiv0GLGSuhpFJe7P3SbHZ8/yjAHRQwKRoA6YZqlfjXWmVzoVSMw==",
      "dev": true,
      "peer": true
    }
  }
}
